PODS:
  - Funcussion (0.1.1)
  - OCCalculator (0.0.3)

DEPENDENCIES:
  - Funcussion (~> 0.1.1)
  - OCCalculator (from `../OCCalculator`)

EXTERNAL SOURCES:
  OCCalculator:
    :path: "../OCCalculator"

SPEC CHECKSUMS:
  Funcussion: 76d4065e09324d81d8db5b7e23d4639dfeec4399
  OCCalculator: ea881bddbdcf7503ba2f2d0f261d5aeb18439b7e

COCOAPODS: 0.36.3
